
Microsoft Visual Studio Solution File, Format Version 12.00
# Visual Studio Version 16
VisualStudioVersion = 16.0.30611.23
MinimumVisualStudioVersion = 10.0.40219.1
Project("{FAE04EC0-301F-11D3-BF4B-00C04F79EFBC}") = "WebAdvert.Web", "WebAdvert.Web.csproj", "{B09AAB05-F781-43C8-85E8-F6D691ECEFC2}"
EndProject
Global
	GlobalSection(SolutionConfigurationPlatforms) = preSolution
		Debug|Any CPU = Debug|Any CPU
		Release|Any CPU = Release|Any CPU
	EndGlobalSection
	GlobalSection(ProjectConfigurationPlatforms) = postSolution
		{B09AAB05-F781-43C8-85E8-F6D691ECEFC2}.Debug|Any CPU.ActiveCfg = Debug|Any CPU
		{B09AAB05-F781-43C8-85E8-F6D691ECEFC2}.Debug|Any CPU.Build.0 = Debug|Any CPU
		{B09AAB05-F781-43C8-85E8-F6D691ECEFC2}.Release|Any CPU.ActiveCfg = Release|Any CPU
		{B09AAB05-F781-43C8-85E8-F6D691ECEFC2}.Release|Any CPU.Build.0 = Release|Any CPU
	EndGlobalSection
	GlobalSection(SolutionProperties) = preSolution
		HideSolutionNode = FALSE
	EndGlobalSection
	GlobalSection(ExtensibilityGlobals) = postSolution
		SolutionGuid = {962E4483-A6E6-4F59-B5E0-4CC7F12A89C4}
	EndGlobalSection
EndGlobal
